{
  "name": "checksslexpiry",
  "version": "1.0.0",
  "lockfileVersion": 1,
  "requires": true,
  "dependencies": {
    "aws-sdk": {
      "version": "2.5.0",
      "resolved": "https://registry.npmjs.org/aws-sdk/-/aws-sdk-2.5.0.tgz",
      "integrity": "sha1-PCV0S9AaBQoaHjrF6Peki57g/vo=",
      "requires": {
        "jmespath": "0.15.0",
        "sax": "1.1.5",
        "xml2js": "0.4.15",
        "xmlbuilder": "2.6.2"
      },
      "dependencies": {
        "jmespath": {
          "version": "0.15.0",
          "resolved": "https://registry.npmjs.org/jmespath/-/jmespath-0.15.0.tgz",
          "integrity": "sha1-o/Iiqarp+Wb10nx5ZRDigJF2Qhc="
        },
        "sax": {
          "version": "1.1.5",
          "resolved": "https://registry.npmjs.org/sax/-/sax-1.1.5.tgz",
          "integrity": "sha1-HaUKjQDN7NWUBWWfX/hTSf53N0M="
        },
        "xml2js": {
          "version": "0.4.15",
          "resolved": "https://registry.npmjs.org/xml2js/-/xml2js-0.4.15.tgz",
          "integrity": "sha1-lc0D/y3RROwovGJzvysokMWBrQw=",
          "requires": {
            "sax": ">=0.6.0",
            "xmlbuilder": ">=2.4.6"
          }
        },
        "xmlbuilder": {
          "version": "2.6.2",
          "resolved": "https://registry.npmjs.org/xmlbuilder/-/xmlbuilder-2.6.2.tgz",
          "integrity": "sha1-+Rb20Q1F3BcbG+Lm5nP7bgzDXQo=",
          "requires": {
            "lodash": "~3.5.0"
          },
          "dependencies": {
            "lodash": {
              "version": "3.5.0",
              "resolved": "https://registry.npmjs.org/lodash/-/lodash-3.5.0.tgz",
              "integrity": "sha1-Gbs/TVEnjwuMgY7RRcdOz5/kDm0="
            }
          }
        }
      }
    },
    "check-ssl-expiration": {
      "version": "0.0.2",
      "integrity": "sha1-OTKFMc/Uk92CPwFppCaMDUxd9Z0=",
      "requires": {
        "https": "^1.0.0",
        "moment": "^2.14.1"
      },
      "dependencies": {
        "https": {
          "version": "1.0.0",
          "resolved": "https://registry.npmjs.org/https/-/https-1.0.0.tgz",
          "integrity": "sha1-PDfHrhqO65ZpBKKtHpdaGUt+06Q="
        },
        "moment": {
          "version": "2.14.1",
          "resolved": "https://registry.npmjs.org/moment/-/moment-2.14.1.tgz",
          "integrity": "sha1-s1snxH5X7S3ccAU9awe+zbKRdBw="
        }
      }
    }
  }
}
